
Microsoft Visual Studio Solution File, Format Version 12.00
# Visual Studio Version 17
VisualStudioVersion = 17.6.33717.318
MinimumVisualStudioVersion = 10.0.40219.1
Project("{9A19103F-16F7-4668-BE54-9A1E7A4F7556}") = "PELICULAS.ENTIDADES", "PELICULAS.ENTIDADES\PELICULAS.ENTIDADES.csproj", "{826B838A-82D0-4029-B254-4DA4BD9427F7}"
EndProject
Project("{9A19103F-16F7-4668-BE54-9A1E7A4F7556}") = "PELICULA.API", "PELICULA.API\PELICULA.API.csproj", "{0364CB17-F420-4746-88EF-D9833F0647D2}"
EndProject
Project("{FAE04EC0-301F-11D3-BF4B-00C04F79EFBC}") = "PELICULAS.UAPI", "PELICULAS.UAPI\PELICULAS.UAPI.csproj", "{ACD82D27-3827-4AFF-8CD0-9E18F58EDA01}"
EndProject
Project("{FAE04EC0-301F-11D3-BF4B-00C04F79EFBC}") = "PELICULAS.WebMVC", "PELICULAS.WebMVC\PELICULAS.WebMVC.csproj", "{006F2427-5AB9-4804-8BF9-E6B3BC7CBD87}"
EndProject
Global
	GlobalSection(SolutionConfigurationPlatforms) = preSolution
		Debug|Any CPU = Debug|Any CPU
		Release|Any CPU = Release|Any CPU
	EndGlobalSection
	GlobalSection(ProjectConfigurationPlatforms) = postSolution
		{826B838A-82D0-4029-B254-4DA4BD9427F7}.Debug|Any CPU.ActiveCfg = Debug|Any CPU
		{826B838A-82D0-4029-B254-4DA4BD9427F7}.Debug|Any CPU.Build.0 = Debug|Any CPU
		{826B838A-82D0-4029-B254-4DA4BD9427F7}.Release|Any CPU.ActiveCfg = Release|Any CPU
		{826B838A-82D0-4029-B254-4DA4BD9427F7}.Release|Any CPU.Build.0 = Release|Any CPU
		{0364CB17-F420-4746-88EF-D9833F0647D2}.Debug|Any CPU.ActiveCfg = Debug|Any CPU
		{0364CB17-F420-4746-88EF-D9833F0647D2}.Debug|Any CPU.Build.0 = Debug|Any CPU
		{0364CB17-F420-4746-88EF-D9833F0647D2}.Release|Any CPU.ActiveCfg = Release|Any CPU
		{0364CB17-F420-4746-88EF-D9833F0647D2}.Release|Any CPU.Build.0 = Release|Any CPU
		{ACD82D27-3827-4AFF-8CD0-9E18F58EDA01}.Debug|Any CPU.ActiveCfg = Debug|Any CPU
		{ACD82D27-3827-4AFF-8CD0-9E18F58EDA01}.Debug|Any CPU.Build.0 = Debug|Any CPU
		{ACD82D27-3827-4AFF-8CD0-9E18F58EDA01}.Release|Any CPU.ActiveCfg = Release|Any CPU
		{ACD82D27-3827-4AFF-8CD0-9E18F58EDA01}.Release|Any CPU.Build.0 = Release|Any CPU
		{006F2427-5AB9-4804-8BF9-E6B3BC7CBD87}.Debug|Any CPU.ActiveCfg = Debug|Any CPU
		{006F2427-5AB9-4804-8BF9-E6B3BC7CBD87}.Debug|Any CPU.Build.0 = Debug|Any CPU
		{006F2427-5AB9-4804-8BF9-E6B3BC7CBD87}.Release|Any CPU.ActiveCfg = Release|Any CPU
		{006F2427-5AB9-4804-8BF9-E6B3BC7CBD87}.Release|Any CPU.Build.0 = Release|Any CPU
	EndGlobalSection
	GlobalSection(SolutionProperties) = preSolution
		HideSolutionNode = FALSE
	EndGlobalSection
	GlobalSection(ExtensibilityGlobals) = postSolution
		SolutionGuid = {C89B8CC1-68D3-44C7-9D46-65F7D50C89A7}
	EndGlobalSection
EndGlobal
